
Microsoft Visual Studio Solution File, Format Version 12.00
# Visual Studio 14
VisualStudioVersion = 14.0.25420.1
MinimumVisualStudioVersion = 10.0.40219.1
Project("{FAE04EC0-301F-11D3-BF4B-00C04F79EFBC}") = "MasteringXamarinForms", "MasteringXamarinForms\MasteringXamarinForms\MasteringXamarinForms.csproj", "{ECD1F722-8E37-41EC-BEA6-9B3143450359}"
EndProject
Project("{FAE04EC0-301F-11D3-BF4B-00C04F79EFBC}") = "MasteringXamarinForms.Droid", "MasteringXamarinForms\MasteringXamarinForms.Droid\MasteringXamarinForms.Droid.csproj", "{7E3DD391-DA6B-4DA4-A7CF-69DD577A3C66}"
EndProject
Project("{FAE04EC0-301F-11D3-BF4B-00C04F79EFBC}") = "MasteringXamarinForms.iOS", "MasteringXamarinForms\MasteringXamarinForms.iOS\MasteringXamarinForms.iOS.csproj", "{B95CE770-8FF4-4571-BAFA-C023A5C1A575}"
EndProject
Project("{FAE04EC0-301F-11D3-BF4B-00C04F79EFBC}") = "MasteringXamarinForms.WinPhone", "MasteringXamarinForms\MasteringXamarinForms.WinPhone\MasteringXamarinForms.WinPhone.csproj", "{FD828CD9-53EF-4FDD-A9D7-C82E9A1C422D}"
EndProject
Project("{FAE04EC0-301F-11D3-BF4B-00C04F79EFBC}") = "MasteringXamarinForms.UWP", "MasteringXamarinForms\MasteringXamarinForms.UWP\MasteringXamarinForms.UWP.csproj", "{4648A3A2-FC73-421C-B25D-7CDDD58257FE}"
EndProject
Project("{FAE04EC0-301F-11D3-BF4B-00C04F79EFBC}") = "MasteringXamarinForms.Windows", "MasteringXamarinForms\MasteringXamarinForms.Windows\MasteringXamarinForms.Windows.csproj", "{15C7F357-3ED1-4A09-9A7F-0F0932E287BB}"
EndProject
Global
	GlobalSection(SolutionConfigurationPlatforms) = preSolution
		Ad-Hoc|Any CPU = Ad-Hoc|Any CPU
		Ad-Hoc|ARM = Ad-Hoc|ARM
		Ad-Hoc|iPhone = Ad-Hoc|iPhone
		Ad-Hoc|iPhoneSimulator = Ad-Hoc|iPhoneSimulator
		Ad-Hoc|x64 = Ad-Hoc|x64
		Ad-Hoc|x86 = Ad-Hoc|x86
		AppStore|Any CPU = AppStore|Any CPU
		AppStore|ARM = AppStore|ARM
		AppStore|iPhone = AppStore|iPhone
		AppStore|iPhoneSimulator = AppStore|iPhoneSimulator
		AppStore|x64 = AppStore|x64
		AppStore|x86 = AppStore|x86
		Debug|Any CPU = Debug|Any CPU
		Debug|ARM = Debug|ARM
		Debug|iPhone = Debug|iPhone
		Debug|iPhoneSimulator = Debug|iPhoneSimulator
		Debug|x64 = Debug|x64
		Debug|x86 = Debug|x86
		Release|Any CPU = Release|Any CPU
		Release|ARM = Release|ARM
		Release|iPhone = Release|iPhone
		Release|iPhoneSimulator = Release|iPhoneSimulator
		Release|x64 = Release|x64
		Release|x86 = Release|x86
	EndGlobalSection
	GlobalSection(ProjectConfigurationPlatforms) = postSolution
		{ECD1F722-8E37-41EC-BEA6-9B3143450359}.Ad-Hoc|Any CPU.ActiveCfg = Release|Any CPU
		{ECD1F722-8E37-41EC-BEA6-9B3143450359}.Ad-Hoc|Any CPU.Build.0 = Release|Any CPU
		{ECD1F722-8E37-41EC-BEA6-9B3143450359}.Ad-Hoc|ARM.ActiveCfg = Release|Any CPU
		{ECD1F722-8E37-41EC-BEA6-9B3143450359}.Ad-Hoc|ARM.Build.0 = Release|Any CPU
		{ECD1F722-8E37-41EC-BEA6-9B3143450359}.Ad-Hoc|iPhone.ActiveCfg = Release|Any CPU
		{ECD1F722-8E37-41EC-BEA6-9B3143450359}.Ad-Hoc|iPhone.Build.0 = Release|Any CPU
		{ECD1F722-8E37-41EC-BEA6-9B3143450359}.Ad-Hoc|iPhoneSimulator.ActiveCfg = Release|Any CPU
		{ECD1F722-8E37-41EC-BEA6-9B3143450359}.Ad-Hoc|iPhoneSimulator.Build.0 = Release|Any CPU
		{ECD1F722-8E37-41EC-BEA6-9B3143450359}.Ad-Hoc|x64.ActiveCfg = Release|Any CPU
		{ECD1F722-8E37-41EC-BEA6-9B3143450359}.Ad-Hoc|x64.Build.0 = Release|Any CPU
		{ECD1F722-8E37-41EC-BEA6-9B3143450359}.Ad-Hoc|x86.ActiveCfg = Release|Any CPU
		{ECD1F722-8E37-41EC-BEA6-9B3143450359}.Ad-Hoc|x86.Build.0 = Release|Any CPU
		{ECD1F722-8E37-41EC-BEA6-9B3143450359}.AppStore|Any CPU.ActiveCfg = Release|Any CPU
		{ECD1F722-8E37-41EC-BEA6-9B3143450359}.AppStore|Any CPU.Build.0 = Release|Any CPU
		{ECD1F722-8E37-41EC-BEA6-9B3143450359}.AppStore|ARM.ActiveCfg = Release|Any CPU
		{ECD1F722-8E37-41EC-BEA6-9B3143450359}.AppStore|ARM.Build.0 = Release|Any CPU
		{ECD1F722-8E37-41EC-BEA6-9B3143450359}.AppStore|iPhone.ActiveCfg = Release|Any CPU
		{ECD1F722-8E37-41EC-BEA6-9B3143450359}.AppStore|iPhone.Build.0 = Release|Any CPU
		{ECD1F722-8E37-41EC-BEA6-9B3143450359}.AppStore|iPhoneSimulator.ActiveCfg = Release|Any CPU
		{ECD1F722-8E37-41EC-BEA6-9B3143450359}.AppStore|iPhoneSimulator.Build.0 = Release|Any CPU
		{ECD1F722-8E37-41EC-BEA6-9B3143450359}.AppStore|x64.ActiveCfg = Release|Any CPU
		{ECD1F722-8E37-41EC-BEA6-9B3143450359}.AppStore|x64.Build.0 = Release|Any CPU
		{ECD1F722-8E37-41EC-BEA6-9B3143450359}.AppStore|x86.ActiveCfg = Release|Any CPU
		{ECD1F722-8E37-41EC-BEA6-9B3143450359}.AppStore|x86.Build.0 = Release|Any CPU
		{ECD1F722-8E37-41EC-BEA6-9B3143450359}.Debug|Any CPU.ActiveCfg = Debug|Any CPU
		{ECD1F722-8E37-41EC-BEA6-9B3143450359}.Debug|Any CPU.Build.0 = Debug|Any CPU
		{ECD1F722-8E37-41EC-BEA6-9B3143450359}.Debug|ARM.ActiveCfg = Debug|Any CPU
		{ECD1F722-8E37-41EC-BEA6-9B3143450359}.Debug|ARM.Build.0 = Debug|Any CPU
		{ECD1F722-8E37-41EC-BEA6-9B3143450359}.Debug|iPhone.ActiveCfg = Debug|Any CPU
		{ECD1F722-8E37-41EC-BEA6-9B3143450359}.Debug|iPhone.Build.0 = Debug|Any CPU
		{ECD1F722-8E37-41EC-BEA6-9B3143450359}.Debug|iPhoneSimulator.ActiveCfg = Debug|Any CPU
		{ECD1F722-8E37-41EC-BEA6-9B3143450359}.Debug|iPhoneSimulator.Build.0 = Debug|Any CPU
		{ECD1F722-8E37-41EC-BEA6-9B3143450359}.Debug|x64.ActiveCfg = Debug|Any CPU
		{ECD1F722-8E37-41EC-BEA6-9B3143450359}.Debug|x64.Build.0 = Debug|Any CPU
		{ECD1F722-8E37-41EC-BEA6-9B3143450359}.Debug|x86.ActiveCfg = Debug|Any CPU
		{ECD1F722-8E37-41EC-BEA6-9B3143450359}.Debug|x86.Build.0 = Debug|Any CPU
		{ECD1F722-8E37-41EC-BEA6-9B3143450359}.Release|Any CPU.ActiveCfg = Release|Any CPU
		{ECD1F722-8E37-41EC-BEA6-9B3143450359}.Release|Any CPU.Build.0 = Release|Any CPU
		{ECD1F722-8E37-41EC-BEA6-9B3143450359}.Release|ARM.ActiveCfg = Release|Any CPU
		{ECD1F722-8E37-41EC-BEA6-9B3143450359}.Release|ARM.Build.0 = Release|Any CPU
		{ECD1F722-8E37-41EC-BEA6-9B3143450359}.Release|iPhone.ActiveCfg = Release|Any CPU
		{ECD1F722-8E37-41EC-BEA6-9B3143450359}.Release|iPhone.Build.0 = Release|Any CPU
		{ECD1F722-8E37-41EC-BEA6-9B3143450359}.Release|iPhoneSimulator.ActiveCfg = Release|Any CPU
		{ECD1F722-8E37-41EC-BEA6-9B3143450359}.Release|iPhoneSimulator.Build.0 = Release|Any CPU
		{ECD1F722-8E37-41EC-BEA6-9B3143450359}.Release|x64.ActiveCfg = Release|Any CPU
		{ECD1F722-8E37-41EC-BEA6-9B3143450359}.Release|x64.Build.0 = Release|Any CPU
		{ECD1F722-8E37-41EC-BEA6-9B3143450359}.Release|x86.ActiveCfg = Release|Any CPU
		{ECD1F722-8E37-41EC-BEA6-9B3143450359}.Release|x86.Build.0 = Release|Any CPU
		{7E3DD391-DA6B-4DA4-A7CF-69DD577A3C66}.Ad-Hoc|Any CPU.ActiveCfg = Release|Any CPU
		{7E3DD391-DA6B-4DA4-A7CF-69DD577A3C66}.Ad-Hoc|Any CPU.Build.0 = Release|Any CPU
		{7E3DD391-DA6B-4DA4-A7CF-69DD577A3C66}.Ad-Hoc|Any CPU.Deploy.0 = Release|Any CPU
		{7E3DD391-DA6B-4DA4-A7CF-69DD577A3C66}.Ad-Hoc|ARM.ActiveCfg = Release|Any CPU
		{7E3DD391-DA6B-4DA4-A7CF-69DD577A3C66}.Ad-Hoc|ARM.Build.0 = Release|Any CPU
		{7E3DD391-DA6B-4DA4-A7CF-69DD577A3C66}.Ad-Hoc|ARM.Deploy.0 = Release|Any CPU
		{7E3DD391-DA6B-4DA4-A7CF-69DD577A3C66}.Ad-Hoc|iPhone.ActiveCfg = Release|Any CPU
		{7E3DD391-DA6B-4DA4-A7CF-69DD577A3C66}.Ad-Hoc|iPhone.Build.0 = Release|Any CPU
		{7E3DD391-DA6B-4DA4-A7CF-69DD577A3C66}.Ad-Hoc|iPhone.Deploy.0 = Release|Any CPU
		{7E3DD391-DA6B-4DA4-A7CF-69DD577A3C66}.Ad-Hoc|iPhoneSimulator.ActiveCfg = Release|Any CPU
		{7E3DD391-DA6B-4DA4-A7CF-69DD577A3C66}.Ad-Hoc|iPhoneSimulator.Build.0 = Release|Any CPU
		{7E3DD391-DA6B-4DA4-A7CF-69DD577A3C66}.Ad-Hoc|iPhoneSimulator.Deploy.0 = Release|Any CPU
		{7E3DD391-DA6B-4DA4-A7CF-69DD577A3C66}.Ad-Hoc|x64.ActiveCfg = Release|Any CPU
		{7E3DD391-DA6B-4DA4-A7CF-69DD577A3C66}.Ad-Hoc|x64.Build.0 = Release|Any CPU
		{7E3DD391-DA6B-4DA4-A7CF-69DD577A3C66}.Ad-Hoc|x64.Deploy.0 = Release|Any CPU
		{7E3DD391-DA6B-4DA4-A7CF-69DD577A3C66}.Ad-Hoc|x86.ActiveCfg = Release|Any CPU
		{7E3DD391-DA6B-4DA4-A7CF-69DD577A3C66}.Ad-Hoc|x86.Build.0 = Release|Any CPU
		{7E3DD391-DA6B-4DA4-A7CF-69DD577A3C66}.Ad-Hoc|x86.Deploy.0 = Release|Any CPU
		{7E3DD391-DA6B-4DA4-A7CF-69DD577A3C66}.AppStore|Any CPU.ActiveCfg = Release|Any CPU
		{7E3DD391-DA6B-4DA4-A7CF-69DD577A3C66}.AppStore|Any CPU.Build.0 = Release|Any CPU
		{7E3DD391-DA6B-4DA4-A7CF-69DD577A3C66}.AppStore|Any CPU.Deploy.0 = Release|Any CPU
		{7E3DD391-DA6B-4DA4-A7CF-69DD577A3C66}.AppStore|ARM.ActiveCfg = Release|Any CPU
		{7E3DD391-DA6B-4DA4-A7CF-69DD577A3C66}.AppStore|ARM.Build.0 = Release|Any CPU
		{7E3DD391-DA6B-4DA4-A7CF-69DD577A3C66}.AppStore|ARM.Deploy.0 = Release|Any CPU
		{7E3DD391-DA6B-4DA4-A7CF-69DD577A3C66}.AppStore|iPhone.ActiveCfg = Release|Any CPU
		{7E3DD391-DA6B-4DA4-A7CF-69DD577A3C66}.AppStore|iPhone.Build.0 = Release|Any CPU
		{7E3DD391-DA6B-4DA4-A7CF-69DD577A3C66}.AppStore|iPhone.Deploy.0 = Release|Any CPU
		{7E3DD391-DA6B-4DA4-A7CF-69DD577A3C66}.AppStore|iPhoneSimulator.ActiveCfg = Release|Any CPU
		{7E3DD391-DA6B-4DA4-A7CF-69DD577A3C66}.AppStore|iPhoneSimulator.Build.0 = Release|Any CPU
		{7E3DD391-DA6B-4DA4-A7CF-69DD577A3C66}.AppStore|iPhoneSimulator.Deploy.0 = Release|Any CPU
		{7E3DD391-DA6B-4DA4-A7CF-69DD577A3C66}.AppStore|x64.ActiveCfg = Release|Any CPU
		{7E3DD391-DA6B-4DA4-A7CF-69DD577A3C66}.AppStore|x64.Build.0 = Release|Any CPU
		{7E3DD391-DA6B-4DA4-A7CF-69DD577A3C66}.AppStore|x64.Deploy.0 = Release|Any CPU
		{7E3DD391-DA6B-4DA4-A7CF-69DD577A3C66}.AppStore|x86.ActiveCfg = Release|Any CPU
		{7E3DD391-DA6B-4DA4-A7CF-69DD577A3C66}.AppStore|x86.Build.0 = Release|Any CPU
		{7E3DD391-DA6B-4DA4-A7CF-69DD577A3C66}.AppStore|x86.Deploy.0 = Release|Any CPU
		{7E3DD391-DA6B-4DA4-A7CF-69DD577A3C66}.Debug|Any CPU.ActiveCfg = Debug|Any CPU
		{7E3DD391-DA6B-4DA4-A7CF-69DD577A3C66}.Debug|Any CPU.Build.0 = Debug|Any CPU
		{7E3DD391-DA6B-4DA4-A7CF-69DD577A3C66}.Debug|Any CPU.Deploy.0 = Debug|Any CPU
		{7E3DD391-DA6B-4DA4-A7CF-69DD577A3C66}.Debug|ARM.ActiveCfg = Debug|Any CPU
		{7E3DD391-DA6B-4DA4-A7CF-69DD577A3C66}.Debug|ARM.Build.0 = Debug|Any CPU
		{7E3DD391-DA6B-4DA4-A7CF-69DD577A3C66}.Debug|ARM.Deploy.0 = Debug|Any CPU
		{7E3DD391-DA6B-4DA4-A7CF-69DD577A3C66}.Debug|iPhone.ActiveCfg = Debug|Any CPU
		{7E3DD391-DA6B-4DA4-A7CF-69DD577A3C66}.Debug|iPhone.Build.0 = Debug|Any CPU
		{7E3DD391-DA6B-4DA4-A7CF-69DD577A3C66}.Debug|iPhone.Deploy.0 = Debug|Any CPU
		{7E3DD391-DA6B-4DA4-A7CF-69DD577A3C66}.Debug|iPhoneSimulator.ActiveCfg = Debug|Any CPU
		{7E3DD391-DA6B-4DA4-A7CF-69DD577A3C66}.Debug|iPhoneSimulator.Build.0 = Debug|Any CPU
		{7E3DD391-DA6B-4DA4-A7CF-69DD577A3C66}.Debug|iPhoneSimulator.Deploy.0 = Debug|Any CPU
		{7E3DD391-DA6B-4DA4-A7CF-69DD577A3C66}.Debug|x64.ActiveCfg = Debug|Any CPU
		{7E3DD391-DA6B-4DA4-A7CF-69DD577A3C66}.Debug|x64.Build.0 = Debug|Any CPU
		{7E3DD391-DA6B-4DA4-A7CF-69DD577A3C66}.Debug|x64.Deploy.0 = Debug|Any CPU
		{7E3DD391-DA6B-4DA4-A7CF-69DD577A3C66}.Debug|x86.ActiveCfg = Debug|Any CPU
		{7E3DD391-DA6B-4DA4-A7CF-69DD577A3C66}.Debug|x86.Build.0 = Debug|Any CPU
		{7E3DD391-DA6B-4DA4-A7CF-69DD577A3C66}.Debug|x86.Deploy.0 = Debug|Any CPU
		{7E3DD391-DA6B-4DA4-A7CF-69DD577A3C66}.Release|Any CPU.ActiveCfg = Release|Any CPU
		{7E3DD391-DA6B-4DA4-A7CF-69DD577A3C66}.Release|Any CPU.Build.0 = Release|Any CPU
		{7E3DD391-DA6B-4DA4-A7CF-69DD577A3C66}.Release|Any CPU.Deploy.0 = Release|Any CPU
		{7E3DD391-DA6B-4DA4-A7CF-69DD577A3C66}.Release|ARM.ActiveCfg = Release|Any CPU
		{7E3DD391-DA6B-4DA4-A7CF-69DD577A3C66}.Release|ARM.Build.0 = Release|Any CPU
		{7E3DD391-DA6B-4DA4-A7CF-69DD577A3C66}.Release|ARM.Deploy.0 = Release|Any CPU
		{7E3DD391-DA6B-4DA4-A7CF-69DD577A3C66}.Release|iPhone.ActiveCfg = Release|Any CPU
		{7E3DD391-DA6B-4DA4-A7CF-69DD577A3C66}.Release|iPhone.Build.0 = Release|Any CPU
		{7E3DD391-DA6B-4DA4-A7CF-69DD577A3C66}.Release|iPhone.Deploy.0 = Release|Any CPU
		{7E3DD391-DA6B-4DA4-A7CF-69DD577A3C66}.Release|iPhoneSimulator.ActiveCfg = Release|Any CPU
		{7E3DD391-DA6B-4DA4-A7CF-69DD577A3C66}.Release|iPhoneSimulator.Build.0 = Release|Any CPU
		{7E3DD391-DA6B-4DA4-A7CF-69DD577A3C66}.Release|iPhoneSimulator.Deploy.0 = Release|Any CPU
		{7E3DD391-DA6B-4DA4-A7CF-69DD577A3C66}.Release|x64.ActiveCfg = Release|Any CPU
		{7E3DD391-DA6B-4DA4-A7CF-69DD577A3C66}.Release|x64.Build.0 = Release|Any CPU
		{7E3DD391-DA6B-4DA4-A7CF-69DD577A3C66}.Release|x64.Deploy.0 = Release|Any CPU
		{7E3DD391-DA6B-4DA4-A7CF-69DD577A3C66}.Release|x86.ActiveCfg = Release|Any CPU
		{7E3DD391-DA6B-4DA4-A7CF-69DD577A3C66}.Release|x86.Build.0 = Release|Any CPU
		{7E3DD391-DA6B-4DA4-A7CF-69DD577A3C66}.Release|x86.Deploy.0 = Release|Any CPU
		{B95CE770-8FF4-4571-BAFA-C023A5C1A575}.Ad-Hoc|Any CPU.ActiveCfg = Ad-Hoc|iPhone
		{B95CE770-8FF4-4571-BAFA-C023A5C1A575}.Ad-Hoc|ARM.ActiveCfg = Ad-Hoc|iPhone
		{B95CE770-8FF4-4571-BAFA-C023A5C1A575}.Ad-Hoc|iPhone.ActiveCfg = Ad-Hoc|iPhone
		{B95CE770-8FF4-4571-BAFA-C023A5C1A575}.Ad-Hoc|iPhone.Build.0 = Ad-Hoc|iPhone
		{B95CE770-8FF4-4571-BAFA-C023A5C1A575}.Ad-Hoc|iPhoneSimulator.ActiveCfg = Ad-Hoc|iPhoneSimulator
		{B95CE770-8FF4-4571-BAFA-C023A5C1A575}.Ad-Hoc|iPhoneSimulator.Build.0 = Ad-Hoc|iPhoneSimulator
		{B95CE770-8FF4-4571-BAFA-C023A5C1A575}.Ad-Hoc|x64.ActiveCfg = Ad-Hoc|iPhone
		{B95CE770-8FF4-4571-BAFA-C023A5C1A575}.Ad-Hoc|x86.ActiveCfg = Ad-Hoc|iPhone
		{B95CE770-8FF4-4571-BAFA-C023A5C1A575}.AppStore|Any CPU.ActiveCfg = AppStore|iPhone
		{B95CE770-8FF4-4571-BAFA-C023A5C1A575}.AppStore|ARM.ActiveCfg = AppStore|iPhone
		{B95CE770-8FF4-4571-BAFA-C023A5C1A575}.AppStore|iPhone.ActiveCfg = AppStore|iPhone
		{B95CE770-8FF4-4571-BAFA-C023A5C1A575}.AppStore|iPhone.Build.0 = AppStore|iPhone
		{B95CE770-8FF4-4571-BAFA-C023A5C1A575}.AppStore|iPhoneSimulator.ActiveCfg = AppStore|iPhoneSimulator
		{B95CE770-8FF4-4571-BAFA-C023A5C1A575}.AppStore|iPhoneSimulator.Build.0 = AppStore|iPhoneSimulator
		{B95CE770-8FF4-4571-BAFA-C023A5C1A575}.AppStore|x64.ActiveCfg = AppStore|iPhone
		{B95CE770-8FF4-4571-BAFA-C023A5C1A575}.AppStore|x86.ActiveCfg = AppStore|iPhone
		{B95CE770-8FF4-4571-BAFA-C023A5C1A575}.Debug|Any CPU.ActiveCfg = Debug|iPhone
		{B95CE770-8FF4-4571-BAFA-C023A5C1A575}.Debug|ARM.ActiveCfg = Debug|iPhone
		{B95CE770-8FF4-4571-BAFA-C023A5C1A575}.Debug|iPhone.ActiveCfg = Debug|iPhone
		{B95CE770-8FF4-4571-BAFA-C023A5C1A575}.Debug|iPhone.Build.0 = Debug|iPhone
		{B95CE770-8FF4-4571-BAFA-C023A5C1A575}.Debug|iPhoneSimulator.ActiveCfg = Debug|iPhoneSimulator
		{B95CE770-8FF4-4571-BAFA-C023A5C1A575}.Debug|iPhoneSimulator.Build.0 = Debug|iPhoneSimulator
		{B95CE770-8FF4-4571-BAFA-C023A5C1A575}.Debug|x64.ActiveCfg = Debug|iPhone
		{B95CE770-8FF4-4571-BAFA-C023A5C1A575}.Debug|x86.ActiveCfg = Debug|iPhone
		{B95CE770-8FF4-4571-BAFA-C023A5C1A575}.Release|Any CPU.ActiveCfg = Release|iPhone
		{B95CE770-8FF4-4571-BAFA-C023A5C1A575}.Release|ARM.ActiveCfg = Release|iPhone
		{B95CE770-8FF4-4571-BAFA-C023A5C1A575}.Release|iPhone.ActiveCfg = Release|iPhone
		{B95CE770-8FF4-4571-BAFA-C023A5C1A575}.Release|iPhone.Build.0 = Release|iPhone
		{B95CE770-8FF4-4571-BAFA-C023A5C1A575}.Release|iPhoneSimulator.ActiveCfg = Release|iPhoneSimulator
		{B95CE770-8FF4-4571-BAFA-C023A5C1A575}.Release|iPhoneSimulator.Build.0 = Release|iPhoneSimulator
		{B95CE770-8FF4-4571-BAFA-C023A5C1A575}.Release|x64.ActiveCfg = Release|iPhone
		{B95CE770-8FF4-4571-BAFA-C023A5C1A575}.Release|x86.ActiveCfg = Release|iPhone
		{FD828CD9-53EF-4FDD-A9D7-C82E9A1C422D}.Ad-Hoc|Any CPU.ActiveCfg = Release|Any CPU
		{FD828CD9-53EF-4FDD-A9D7-C82E9A1C422D}.Ad-Hoc|Any CPU.Build.0 = Release|Any CPU
		{FD828CD9-53EF-4FDD-A9D7-C82E9A1C422D}.Ad-Hoc|Any CPU.Deploy.0 = Release|Any CPU
		{FD828CD9-53EF-4FDD-A9D7-C82E9A1C422D}.Ad-Hoc|ARM.ActiveCfg = Release|ARM
		{FD828CD9-53EF-4FDD-A9D7-C82E9A1C422D}.Ad-Hoc|ARM.Build.0 = Release|ARM
		{FD828CD9-53EF-4FDD-A9D7-C82E9A1C422D}.Ad-Hoc|ARM.Deploy.0 = Release|ARM
		{FD828CD9-53EF-4FDD-A9D7-C82E9A1C422D}.Ad-Hoc|iPhone.ActiveCfg = Release|Any CPU
		{FD828CD9-53EF-4FDD-A9D7-C82E9A1C422D}.Ad-Hoc|iPhone.Build.0 = Release|Any CPU
		{FD828CD9-53EF-4FDD-A9D7-C82E9A1C422D}.Ad-Hoc|iPhone.Deploy.0 = Release|Any CPU
		{FD828CD9-53EF-4FDD-A9D7-C82E9A1C422D}.Ad-Hoc|iPhoneSimulator.ActiveCfg = Release|Any CPU
		{FD828CD9-53EF-4FDD-A9D7-C82E9A1C422D}.Ad-Hoc|iPhoneSimulator.Build.0 = Release|Any CPU
		{FD828CD9-53EF-4FDD-A9D7-C82E9A1C422D}.Ad-Hoc|iPhoneSimulator.Deploy.0 = Release|Any CPU
		{FD828CD9-53EF-4FDD-A9D7-C82E9A1C422D}.Ad-Hoc|x64.ActiveCfg = Release|Any CPU
		{FD828CD9-53EF-4FDD-A9D7-C82E9A1C422D}.Ad-Hoc|x64.Build.0 = Release|Any CPU
		{FD828CD9-53EF-4FDD-A9D7-C82E9A1C422D}.Ad-Hoc|x64.Deploy.0 = Release|Any CPU
		{FD828CD9-53EF-4FDD-A9D7-C82E9A1C422D}.Ad-Hoc|x86.ActiveCfg = Release|x86
		{FD828CD9-53EF-4FDD-A9D7-C82E9A1C422D}.Ad-Hoc|x86.Build.0 = Release|x86
		{FD828CD9-53EF-4FDD-A9D7-C82E9A1C422D}.Ad-Hoc|x86.Deploy.0 = Release|x86
		{FD828CD9-53EF-4FDD-A9D7-C82E9A1C422D}.AppStore|Any CPU.ActiveCfg = Release|Any CPU
		{FD828CD9-53EF-4FDD-A9D7-C82E9A1C422D}.AppStore|Any CPU.Build.0 = Release|Any CPU
		{FD828CD9-53EF-4FDD-A9D7-C82E9A1C422D}.AppStore|Any CPU.Deploy.0 = Release|Any CPU
		{FD828CD9-53EF-4FDD-A9D7-C82E9A1C422D}.AppStore|ARM.ActiveCfg = Release|ARM
		{FD828CD9-53EF-4FDD-A9D7-C82E9A1C422D}.AppStore|ARM.Build.0 = Release|ARM
		{FD828CD9-53EF-4FDD-A9D7-C82E9A1C422D}.AppStore|ARM.Deploy.0 = Release|ARM
		{FD828CD9-53EF-4FDD-A9D7-C82E9A1C422D}.AppStore|iPhone.ActiveCfg = Release|Any CPU
		{FD828CD9-53EF-4FDD-A9D7-C82E9A1C422D}.AppStore|iPhone.Build.0 = Release|Any CPU
		{FD828CD9-53EF-4FDD-A9D7-C82E9A1C422D}.AppStore|iPhone.Deploy.0 = Release|Any CPU
		{FD828CD9-53EF-4FDD-A9D7-C82E9A1C422D}.AppStore|iPhoneSimulator.ActiveCfg = Release|Any CPU
		{FD828CD9-53EF-4FDD-A9D7-C82E9A1C422D}.AppStore|iPhoneSimulator.Build.0 = Release|Any CPU
		{FD828CD9-53EF-4FDD-A9D7-C82E9A1C422D}.AppStore|iPhoneSimulator.Deploy.0 = Release|Any CPU
		{FD828CD9-53EF-4FDD-A9D7-C82E9A1C422D}.AppStore|x64.ActiveCfg = Release|Any CPU
		{FD828CD9-53EF-4FDD-A9D7-C82E9A1C422D}.AppStore|x64.Build.0 = Release|Any CPU
		{FD828CD9-53EF-4FDD-A9D7-C82E9A1C422D}.AppStore|x64.Deploy.0 = Release|Any CPU
		{FD828CD9-53EF-4FDD-A9D7-C82E9A1C422D}.AppStore|x86.ActiveCfg = Release|x86
		{FD828CD9-53EF-4FDD-A9D7-C82E9A1C422D}.AppStore|x86.Build.0 = Release|x86
		{FD828CD9-53EF-4FDD-A9D7-C82E9A1C422D}.AppStore|x86.Deploy.0 = Release|x86
		{FD828CD9-53EF-4FDD-A9D7-C82E9A1C422D}.Debug|Any CPU.ActiveCfg = Debug|Any CPU
		{FD828CD9-53EF-4FDD-A9D7-C82E9A1C422D}.Debug|Any CPU.Build.0 = Debug|Any CPU
		{FD828CD9-53EF-4FDD-A9D7-C82E9A1C422D}.Debug|Any CPU.Deploy.0 = Debug|Any CPU
		{FD828CD9-53EF-4FDD-A9D7-C82E9A1C422D}.Debug|ARM.ActiveCfg = Debug|ARM
		{FD828CD9-53EF-4FDD-A9D7-C82E9A1C422D}.Debug|ARM.Build.0 = Debug|ARM
		{FD828CD9-53EF-4FDD-A9D7-C82E9A1C422D}.Debug|ARM.Deploy.0 = Debug|ARM
		{FD828CD9-53EF-4FDD-A9D7-C82E9A1C422D}.Debug|iPhone.ActiveCfg = Debug|Any CPU
		{FD828CD9-53EF-4FDD-A9D7-C82E9A1C422D}.Debug|iPhone.Build.0 = Debug|Any CPU
		{FD828CD9-53EF-4FDD-A9D7-C82E9A1C422D}.Debug|iPhone.Deploy.0 = Debug|Any CPU
		{FD828CD9-53EF-4FDD-A9D7-C82E9A1C422D}.Debug|iPhoneSimulator.ActiveCfg = Debug|Any CPU
		{FD828CD9-53EF-4FDD-A9D7-C82E9A1C422D}.Debug|iPhoneSimulator.Build.0 = Debug|Any CPU
		{FD828CD9-53EF-4FDD-A9D7-C82E9A1C422D}.Debug|iPhoneSimulator.Deploy.0 = Debug|Any CPU
		{FD828CD9-53EF-4FDD-A9D7-C82E9A1C422D}.Debug|x64.ActiveCfg = Debug|Any CPU
		{FD828CD9-53EF-4FDD-A9D7-C82E9A1C422D}.Debug|x64.Build.0 = Debug|Any CPU
		{FD828CD9-53EF-4FDD-A9D7-C82E9A1C422D}.Debug|x64.Deploy.0 = Debug|Any CPU
		{FD828CD9-53EF-4FDD-A9D7-C82E9A1C422D}.Debug|x86.ActiveCfg = Debug|x86
		{FD828CD9-53EF-4FDD-A9D7-C82E9A1C422D}.Debug|x86.Build.0 = Debug|x86
		{FD828CD9-53EF-4FDD-A9D7-C82E9A1C422D}.Debug|x86.Deploy.0 = Debug|x86
		{FD828CD9-53EF-4FDD-A9D7-C82E9A1C422D}.Release|Any CPU.ActiveCfg = Release|Any CPU
		{FD828CD9-53EF-4FDD-A9D7-C82E9A1C422D}.Release|Any CPU.Build.0 = Release|Any CPU
		{FD828CD9-53EF-4FDD-A9D7-C82E9A1C422D}.Release|Any CPU.Deploy.0 = Release|Any CPU
		{FD828CD9-53EF-4FDD-A9D7-C82E9A1C422D}.Release|ARM.ActiveCfg = Release|ARM
		{FD828CD9-53EF-4FDD-A9D7-C82E9A1C422D}.Release|ARM.Build.0 = Release|ARM
		{FD828CD9-53EF-4FDD-A9D7-C82E9A1C422D}.Release|ARM.Deploy.0 = Release|ARM
		{FD828CD9-53EF-4FDD-A9D7-C82E9A1C422D}.Release|iPhone.ActiveCfg = Release|Any CPU
		{FD828CD9-53EF-4FDD-A9D7-C82E9A1C422D}.Release|iPhone.Build.0 = Release|Any CPU
		{FD828CD9-53EF-4FDD-A9D7-C82E9A1C422D}.Release|iPhone.Deploy.0 = Release|Any CPU
		{FD828CD9-53EF-4FDD-A9D7-C82E9A1C422D}.Release|iPhoneSimulator.ActiveCfg = Release|Any CPU
		{FD828CD9-53EF-4FDD-A9D7-C82E9A1C422D}.Release|iPhoneSimulator.Build.0 = Release|Any CPU
		{FD828CD9-53EF-4FDD-A9D7-C82E9A1C422D}.Release|iPhoneSimulator.Deploy.0 = Release|Any CPU
		{FD828CD9-53EF-4FDD-A9D7-C82E9A1C422D}.Release|x64.ActiveCfg = Release|Any CPU
		{FD828CD9-53EF-4FDD-A9D7-C82E9A1C422D}.Release|x64.Build.0 = Release|Any CPU
		{FD828CD9-53EF-4FDD-A9D7-C82E9A1C422D}.Release|x64.Deploy.0 = Release|Any CPU
		{FD828CD9-53EF-4FDD-A9D7-C82E9A1C422D}.Release|x86.ActiveCfg = Release|x86
		{FD828CD9-53EF-4FDD-A9D7-C82E9A1C422D}.Release|x86.Build.0 = Release|x86
		{FD828CD9-53EF-4FDD-A9D7-C82E9A1C422D}.Release|x86.Deploy.0 = Release|x86
		{4648A3A2-FC73-421C-B25D-7CDDD58257FE}.Ad-Hoc|Any CPU.ActiveCfg = Release|x86
		{4648A3A2-FC73-421C-B25D-7CDDD58257FE}.Ad-Hoc|Any CPU.Build.0 = Release|x86
		{4648A3A2-FC73-421C-B25D-7CDDD58257FE}.Ad-Hoc|Any CPU.Deploy.0 = Release|x86
		{4648A3A2-FC73-421C-B25D-7CDDD58257FE}.Ad-Hoc|ARM.ActiveCfg = Release|ARM
		{4648A3A2-FC73-421C-B25D-7CDDD58257FE}.Ad-Hoc|ARM.Build.0 = Release|ARM
		{4648A3A2-FC73-421C-B25D-7CDDD58257FE}.Ad-Hoc|ARM.Deploy.0 = Release|ARM
		{4648A3A2-FC73-421C-B25D-7CDDD58257FE}.Ad-Hoc|iPhone.ActiveCfg = Release|x86
		{4648A3A2-FC73-421C-B25D-7CDDD58257FE}.Ad-Hoc|iPhone.Build.0 = Release|x86
		{4648A3A2-FC73-421C-B25D-7CDDD58257FE}.Ad-Hoc|iPhone.Deploy.0 = Release|x86
		{4648A3A2-FC73-421C-B25D-7CDDD58257FE}.Ad-Hoc|iPhoneSimulator.ActiveCfg = Release|x86
		{4648A3A2-FC73-421C-B25D-7CDDD58257FE}.Ad-Hoc|iPhoneSimulator.Build.0 = Release|x86
		{4648A3A2-FC73-421C-B25D-7CDDD58257FE}.Ad-Hoc|iPhoneSimulator.Deploy.0 = Release|x86
		{4648A3A2-FC73-421C-B25D-7CDDD58257FE}.Ad-Hoc|x64.ActiveCfg = Release|x64
		{4648A3A2-FC73-421C-B25D-7CDDD58257FE}.Ad-Hoc|x64.Build.0 = Release|x64
		{4648A3A2-FC73-421C-B25D-7CDDD58257FE}.Ad-Hoc|x64.Deploy.0 = Release|x64
		{4648A3A2-FC73-421C-B25D-7CDDD58257FE}.Ad-Hoc|x86.ActiveCfg = Release|x86
		{4648A3A2-FC73-421C-B25D-7CDDD58257FE}.Ad-Hoc|x86.Build.0 = Release|x86
		{4648A3A2-FC73-421C-B25D-7CDDD58257FE}.Ad-Hoc|x86.Deploy.0 = Release|x86
		{4648A3A2-FC73-421C-B25D-7CDDD58257FE}.AppStore|Any CPU.ActiveCfg = Release|x86
		{4648A3A2-FC73-421C-B25D-7CDDD58257FE}.AppStore|Any CPU.Build.0 = Release|x86
		{4648A3A2-FC73-421C-B25D-7CDDD58257FE}.AppStore|Any CPU.Deploy.0 = Release|x86
		{4648A3A2-FC73-421C-B25D-7CDDD58257FE}.AppStore|ARM.ActiveCfg = Release|ARM
		{4648A3A2-FC73-421C-B25D-7CDDD58257FE}.AppStore|ARM.Build.0 = Release|ARM
		{4648A3A2-FC73-421C-B25D-7CDDD58257FE}.AppStore|ARM.Deploy.0 = Release|ARM
		{4648A3A2-FC73-421C-B25D-7CDDD58257FE}.AppStore|iPhone.ActiveCfg = Release|x86
		{4648A3A2-FC73-421C-B25D-7CDDD58257FE}.AppStore|iPhone.Build.0 = Release|x86
		{4648A3A2-FC73-421C-B25D-7CDDD58257FE}.AppStore|iPhone.Deploy.0 = Release|x86
		{4648A3A2-FC73-421C-B25D-7CDDD58257FE}.AppStore|iPhoneSimulator.ActiveCfg = Release|x86
		{4648A3A2-FC73-421C-B25D-7CDDD58257FE}.AppStore|iPhoneSimulator.Build.0 = Release|x86
		{4648A3A2-FC73-421C-B25D-7CDDD58257FE}.AppStore|iPhoneSimulator.Deploy.0 = Release|x86
		{4648A3A2-FC73-421C-B25D-7CDDD58257FE}.AppStore|x64.ActiveCfg = Release|x64
		{4648A3A2-FC73-421C-B25D-7CDDD58257FE}.AppStore|x64.Build.0 = Release|x64
		{4648A3A2-FC73-421C-B25D-7CDDD58257FE}.AppStore|x64.Deploy.0 = Release|x64
		{4648A3A2-FC73-421C-B25D-7CDDD58257FE}.AppStore|x86.ActiveCfg = Release|x86
		{4648A3A2-FC73-421C-B25D-7CDDD58257FE}.AppStore|x86.Build.0 = Release|x86
		{4648A3A2-FC73-421C-B25D-7CDDD58257FE}.AppStore|x86.Deploy.0 = Release|x86
		{4648A3A2-FC73-421C-B25D-7CDDD58257FE}.Debug|Any CPU.ActiveCfg = Debug|x86
		{4648A3A2-FC73-421C-B25D-7CDDD58257FE}.Debug|ARM.ActiveCfg = Debug|ARM
		{4648A3A2-FC73-421C-B25D-7CDDD58257FE}.Debug|ARM.Build.0 = Debug|ARM
		{4648A3A2-FC73-421C-B25D-7CDDD58257FE}.Debug|ARM.Deploy.0 = Debug|ARM
		{4648A3A2-FC73-421C-B25D-7CDDD58257FE}.Debug|iPhone.ActiveCfg = Debug|x86
		{4648A3A2-FC73-421C-B25D-7CDDD58257FE}.Debug|iPhoneSimulator.ActiveCfg = Debug|x86
		{4648A3A2-FC73-421C-B25D-7CDDD58257FE}.Debug|x64.ActiveCfg = Debug|x64
		{4648A3A2-FC73-421C-B25D-7CDDD58257FE}.Debug|x64.Build.0 = Debug|x64
		{4648A3A2-FC73-421C-B25D-7CDDD58257FE}.Debug|x64.Deploy.0 = Debug|x64
		{4648A3A2-FC73-421C-B25D-7CDDD58257FE}.Debug|x86.ActiveCfg = Debug|x86
		{4648A3A2-FC73-421C-B25D-7CDDD58257FE}.Debug|x86.Build.0 = Debug|x86
		{4648A3A2-FC73-421C-B25D-7CDDD58257FE}.Debug|x86.Deploy.0 = Debug|x86
		{4648A3A2-FC73-421C-B25D-7CDDD58257FE}.Release|Any CPU.ActiveCfg = Release|x86
		{4648A3A2-FC73-421C-B25D-7CDDD58257FE}.Release|ARM.ActiveCfg = Release|ARM
		{4648A3A2-FC73-421C-B25D-7CDDD58257FE}.Release|ARM.Build.0 = Release|ARM
		{4648A3A2-FC73-421C-B25D-7CDDD58257FE}.Release|ARM.Deploy.0 = Release|ARM
		{4648A3A2-FC73-421C-B25D-7CDDD58257FE}.Release|iPhone.ActiveCfg = Release|x86
		{4648A3A2-FC73-421C-B25D-7CDDD58257FE}.Release|iPhoneSimulator.ActiveCfg = Release|x86
		{4648A3A2-FC73-421C-B25D-7CDDD58257FE}.Release|x64.ActiveCfg = Release|x64
		{4648A3A2-FC73-421C-B25D-7CDDD58257FE}.Release|x64.Build.0 = Release|x64
		{4648A3A2-FC73-421C-B25D-7CDDD58257FE}.Release|x64.Deploy.0 = Release|x64
		{4648A3A2-FC73-421C-B25D-7CDDD58257FE}.Release|x86.ActiveCfg = Release|x86
		{4648A3A2-FC73-421C-B25D-7CDDD58257FE}.Release|x86.Build.0 = Release|x86
		{4648A3A2-FC73-421C-B25D-7CDDD58257FE}.Release|x86.Deploy.0 = Release|x86
		{15C7F357-3ED1-4A09-9A7F-0F0932E287BB}.Ad-Hoc|Any CPU.ActiveCfg = Release|Any CPU
		{15C7F357-3ED1-4A09-9A7F-0F0932E287BB}.Ad-Hoc|Any CPU.Build.0 = Release|Any CPU
		{15C7F357-3ED1-4A09-9A7F-0F0932E287BB}.Ad-Hoc|Any CPU.Deploy.0 = Release|Any CPU
		{15C7F357-3ED1-4A09-9A7F-0F0932E287BB}.Ad-Hoc|ARM.ActiveCfg = Release|ARM
		{15C7F357-3ED1-4A09-9A7F-0F0932E287BB}.Ad-Hoc|ARM.Build.0 = Release|ARM
		{15C7F357-3ED1-4A09-9A7F-0F0932E287BB}.Ad-Hoc|ARM.Deploy.0 = Release|ARM
		{15C7F357-3ED1-4A09-9A7F-0F0932E287BB}.Ad-Hoc|iPhone.ActiveCfg = Release|Any CPU
		{15C7F357-3ED1-4A09-9A7F-0F0932E287BB}.Ad-Hoc|iPhone.Build.0 = Release|Any CPU
		{15C7F357-3ED1-4A09-9A7F-0F0932E287BB}.Ad-Hoc|iPhone.Deploy.0 = Release|Any CPU
		{15C7F357-3ED1-4A09-9A7F-0F0932E287BB}.Ad-Hoc|iPhoneSimulator.ActiveCfg = Release|Any CPU
		{15C7F357-3ED1-4A09-9A7F-0F0932E287BB}.Ad-Hoc|iPhoneSimulator.Build.0 = Release|Any CPU
		{15C7F357-3ED1-4A09-9A7F-0F0932E287BB}.Ad-Hoc|iPhoneSimulator.Deploy.0 = Release|Any CPU
		{15C7F357-3ED1-4A09-9A7F-0F0932E287BB}.Ad-Hoc|x64.ActiveCfg = Release|x64
		{15C7F357-3ED1-4A09-9A7F-0F0932E287BB}.Ad-Hoc|x64.Build.0 = Release|x64
		{15C7F357-3ED1-4A09-9A7F-0F0932E287BB}.Ad-Hoc|x64.Deploy.0 = Release|x64
		{15C7F357-3ED1-4A09-9A7F-0F0932E287BB}.Ad-Hoc|x86.ActiveCfg = Release|x86
		{15C7F357-3ED1-4A09-9A7F-0F0932E287BB}.Ad-Hoc|x86.Build.0 = Release|x86
		{15C7F357-3ED1-4A09-9A7F-0F0932E287BB}.Ad-Hoc|x86.Deploy.0 = Release|x86
		{15C7F357-3ED1-4A09-9A7F-0F0932E287BB}.AppStore|Any CPU.ActiveCfg = Release|Any CPU
		{15C7F357-3ED1-4A09-9A7F-0F0932E287BB}.AppStore|Any CPU.Build.0 = Release|Any CPU
		{15C7F357-3ED1-4A09-9A7F-0F0932E287BB}.AppStore|Any CPU.Deploy.0 = Release|Any CPU
		{15C7F357-3ED1-4A09-9A7F-0F0932E287BB}.AppStore|ARM.ActiveCfg = Release|ARM
		{15C7F357-3ED1-4A09-9A7F-0F0932E287BB}.AppStore|ARM.Build.0 = Release|ARM
		{15C7F357-3ED1-4A09-9A7F-0F0932E287BB}.AppStore|ARM.Deploy.0 = Release|ARM
		{15C7F357-3ED1-4A09-9A7F-0F0932E287BB}.AppStore|iPhone.ActiveCfg = Release|Any CPU
		{15C7F357-3ED1-4A09-9A7F-0F0932E287BB}.AppStore|iPhone.Build.0 = Release|Any CPU
		{15C7F357-3ED1-4A09-9A7F-0F0932E287BB}.AppStore|iPhone.Deploy.0 = Release|Any CPU
		{15C7F357-3ED1-4A09-9A7F-0F0932E287BB}.AppStore|iPhoneSimulator.ActiveCfg = Release|Any CPU
		{15C7F357-3ED1-4A09-9A7F-0F0932E287BB}.AppStore|iPhoneSimulator.Build.0 = Release|Any CPU
		{15C7F357-3ED1-4A09-9A7F-0F0932E287BB}.AppStore|iPhoneSimulator.Deploy.0 = Release|Any CPU
		{15C7F357-3ED1-4A09-9A7F-0F0932E287BB}.AppStore|x64.ActiveCfg = Release|x64
		{15C7F357-3ED1-4A09-9A7F-0F0932E287BB}.AppStore|x64.Build.0 = Release|x64
		{15C7F357-3ED1-4A09-9A7F-0F0932E287BB}.AppStore|x64.Deploy.0 = Release|x64
		{15C7F357-3ED1-4A09-9A7F-0F0932E287BB}.AppStore|x86.ActiveCfg = Release|x86
		{15C7F357-3ED1-4A09-9A7F-0F0932E287BB}.AppStore|x86.Build.0 = Release|x86
		{15C7F357-3ED1-4A09-9A7F-0F0932E287BB}.AppStore|x86.Deploy.0 = Release|x86
		{15C7F357-3ED1-4A09-9A7F-0F0932E287BB}.Debug|Any CPU.ActiveCfg = Debug|Any CPU
		{15C7F357-3ED1-4A09-9A7F-0F0932E287BB}.Debug|Any CPU.Build.0 = Debug|Any CPU
		{15C7F357-3ED1-4A09-9A7F-0F0932E287BB}.Debug|Any CPU.Deploy.0 = Debug|Any CPU
		{15C7F357-3ED1-4A09-9A7F-0F0932E287BB}.Debug|ARM.ActiveCfg = Debug|ARM
		{15C7F357-3ED1-4A09-9A7F-0F0932E287BB}.Debug|ARM.Build.0 = Debug|ARM
		{15C7F357-3ED1-4A09-9A7F-0F0932E287BB}.Debug|ARM.Deploy.0 = Debug|ARM
		{15C7F357-3ED1-4A09-9A7F-0F0932E287BB}.Debug|iPhone.ActiveCfg = Debug|Any CPU
		{15C7F357-3ED1-4A09-9A7F-0F0932E287BB}.Debug|iPhone.Build.0 = Debug|Any CPU
		{15C7F357-3ED1-4A09-9A7F-0F0932E287BB}.Debug|iPhone.Deploy.0 = Debug|Any CPU
		{15C7F357-3ED1-4A09-9A7F-0F0932E287BB}.Debug|iPhoneSimulator.ActiveCfg = Debug|Any CPU
		{15C7F357-3ED1-4A09-9A7F-0F0932E287BB}.Debug|iPhoneSimulator.Build.0 = Debug|Any CPU
		{15C7F357-3ED1-4A09-9A7F-0F0932E287BB}.Debug|iPhoneSimulator.Deploy.0 = Debug|Any CPU
		{15C7F357-3ED1-4A09-9A7F-0F0932E287BB}.Debug|x64.ActiveCfg = Debug|x64
		{15C7F357-3ED1-4A09-9A7F-0F0932E287BB}.Debug|x64.Build.0 = Debug|x64
		{15C7F357-3ED1-4A09-9A7F-0F0932E287BB}.Debug|x64.Deploy.0 = Debug|x64
		{15C7F357-3ED1-4A09-9A7F-0F0932E287BB}.Debug|x86.ActiveCfg = Debug|x86
		{15C7F357-3ED1-4A09-9A7F-0F0932E287BB}.Debug|x86.Build.0 = Debug|x86
		{15C7F357-3ED1-4A09-9A7F-0F0932E287BB}.Debug|x86.Deploy.0 = Debug|x86
		{15C7F357-3ED1-4A09-9A7F-0F0932E287BB}.Release|Any CPU.ActiveCfg = Release|Any CPU
		{15C7F357-3ED1-4A09-9A7F-0F0932E287BB}.Release|Any CPU.Build.0 = Release|Any CPU
		{15C7F357-3ED1-4A09-9A7F-0F0932E287BB}.Release|Any CPU.Deploy.0 = Release|Any CPU
		{15C7F357-3ED1-4A09-9A7F-0F0932E287BB}.Release|ARM.ActiveCfg = Release|ARM
		{15C7F357-3ED1-4A09-9A7F-0F0932E287BB}.Release|ARM.Build.0 = Release|ARM
		{15C7F357-3ED1-4A09-9A7F-0F0932E287BB}.Release|ARM.Deploy.0 = Release|ARM
		{15C7F357-3ED1-4A09-9A7F-0F0932E287BB}.Release|iPhone.ActiveCfg = Release|Any CPU
		{15C7F357-3ED1-4A09-9A7F-0F0932E287BB}.Release|iPhone.Build.0 = Release|Any CPU
		{15C7F357-3ED1-4A09-9A7F-0F0932E287BB}.Release|iPhone.Deploy.0 = Release|Any CPU
		{15C7F357-3ED1-4A09-9A7F-0F0932E287BB}.Release|iPhoneSimulator.ActiveCfg = Release|Any CPU
		{15C7F357-3ED1-4A09-9A7F-0F0932E287BB}.Release|iPhoneSimulator.Build.0 = Release|Any CPU
		{15C7F357-3ED1-4A09-9A7F-0F0932E287BB}.Release|iPhoneSimulator.Deploy.0 = Release|Any CPU
		{15C7F357-3ED1-4A09-9A7F-0F0932E287BB}.Release|x64.ActiveCfg = Release|x64
		{15C7F357-3ED1-4A09-9A7F-0F0932E287BB}.Release|x64.Build.0 = Release|x64
		{15C7F357-3ED1-4A09-9A7F-0F0932E287BB}.Release|x64.Deploy.0 = Release|x64
		{15C7F357-3ED1-4A09-9A7F-0F0932E287BB}.Release|x86.ActiveCfg = Release|x86
		{15C7F357-3ED1-4A09-9A7F-0F0932E287BB}.Release|x86.Build.0 = Release|x86
		{15C7F357-3ED1-4A09-9A7F-0F0932E287BB}.Release|x86.Deploy.0 = Release|x86
	EndGlobalSection
	GlobalSection(SolutionProperties) = preSolution
		HideSolutionNode = FALSE
	EndGlobalSection
EndGlobal
